<?xml version="1.0" encoding="utf-8"?>
<Project ToolsVersion="4.0" xmlns="http://schemas.microsoft.com/developer/msbuild/2003">
  <ItemGroup>
    <Filter Include="Quellcodedateien">
      <UniqueIdentifier>{cbe4b3d6-4c67-40e3-bab3-097ca5806305}</UniqueIdentifier>
      <Extensions>cpp;c;cxx;rc;def;r;odl;idl;hpj;bat</Extensions>
    </Filter>
    <Filter Include="Header-Dateien">
      <UniqueIdentifier>{2f405801-5afe-413a-b9b1-37178239bc97}</UniqueIdentifier>
      <Extensions>h;hpp;hxx;hm;inl</Extensions>
    </Filter>
    <Filter Include="Ressourcendateien">
      <UniqueIdentifier>{76ddf1d3-b46e-42df-9ec3-baf1891ca196}</UniqueIdentifier>
      <Extensions>ico;cur;bmp;dlg;rc2;rct;bin;rgs;gif;jpg;jpeg;jpe</Extensions>
    </Filter>
    <Filter Include="Microsoft">
      <UniqueIdentifier>{35c1d82d-14ed-4f26-8894-b44fe541ff4b}</UniqueIdentifier>
    </Filter>
  </ItemGroup>
  <ItemGroup>
    <ClCompile Include="Duell.cpp">
      <Filter>Quellcodedateien</Filter>
    </ClCompile>
    <ClCompile Include="ddutil.cpp">
      <Filter>Microsoft</Filter>
    </ClCompile>
    <ClCompile Include="DSUtil.cpp">
      <Filter>Microsoft</Filter>
    </ClCompile>
    <ClCompile Include="DXUtil.cpp">
      <Filter>Microsoft</Filter>
    </ClCompile>
  </ItemGroup>
  <ItemGroup>
    <ResourceCompile Include="Duell.rc">
      <Filter>Quellcodedateien</Filter>
    </ResourceCompile>
  </ItemGroup>
  <ItemGroup>
    <ClInclude Include="Duell.h">
      <Filter>Header-Dateien</Filter>
    </ClInclude>
    <ClInclude Include="resource.h">
      <Filter>Header-Dateien</Filter>
    </ClInclude>
    <ClInclude Include="StdAfx.h">
      <Filter>Header-Dateien</Filter>
    </ClInclude>
    <ClInclude Include="ddutil.h">
      <Filter>Microsoft</Filter>
    </ClInclude>
    <ClInclude Include="DSUtil.h">
      <Filter>Microsoft</Filter>
    </ClInclude>
    <ClInclude Include="DXUtil.h">
      <Filter>Microsoft</Filter>
    </ClInclude>
  </ItemGroup>
  <ItemGroup>
    <Image Include="Duell.ico">
      <Filter>Ressourcendateien</Filter>
    </Image>
  </ItemGroup>
</Project>